<?xml version="1.0" encoding="utf-8"?>
<Project ToolsVersion="4.0" xmlns="http://schemas.microsoft.com/developer/msbuild/2003">
  <ItemGroup>
    <Filter Include="Source Files">
      <UniqueIdentifier>{4FC737F1-C7A5-4376-A066-2A32D752A2FF}</UniqueIdentifier>
      <Extensions>cpp;c;cc;cxx;c++;cppm;ixx;def;odl;idl;hpj;bat;asm;asmx</Extensions>
    </Filter>
    <Filter Include="Header Files">
      <UniqueIdentifier>{93995380-89BD-4b04-88EB-625FBE52EBFB}</UniqueIdentifier>
      <Extensions>h;hh;hpp;hxx;h++;hm;inl;inc;ipp;xsd</Extensions>
    </Filter>
    <Filter Include="GL">
      <UniqueIdentifier>{67DA6AB6-F800-4c08-8B7A-83BB121AAD01}</UniqueIdentifier>
      <Extensions>rc;ico;cur;bmp;dlg;rc2;rct;bin;rgs;gif;jpg;jpeg;jpe;resx;tiff;tif;png;wav;mfcribbon-ms</Extensions>
    </Filter>
    <Filter Include="Header Files\Base">
      <UniqueIdentifier>{b2aff115-7d9d-4a73-8fcb-d5b941189f51}</UniqueIdentifier>
    </Filter>
    <Filter Include="Header Files\Objects">
      <UniqueIdentifier>{55431b57-a947-4b25-aee5-201e678c8e9c}</UniqueIdentifier>
    </Filter>
  </ItemGroup>
  <ItemGroup>
    <ClInclude Include="..\packages\freeglut.2.8.1.15\build\native\include\GL\freeglut.h">
      <Filter>GL</Filter>
    </ClInclude>
    <ClInclude Include="..\packages\freeglut.2.8.1.15\build\native\include\GL\freeglut_ext.h">
      <Filter>GL</Filter>
    </ClInclude>
    <ClInclude Include="..\packages\freeglut.2.8.1.15\build\native\include\GL\freeglut_std.h">
      <Filter>GL</Filter>
    </ClInclude>
    <ClInclude Include="..\packages\freeglut.2.8.1.15\build\native\include\GL\glut.h">
      <Filter>GL</Filter>
    </ClInclude>
    <ClInclude Include="GL-Manager.h">
      <Filter>Header Files</Filter>
    </ClInclude>
    <ClInclude Include="framework.h">
      <Filter>Header Files\Base</Filter>
    </ClInclude>
    <ClInclude Include="pch.h">
      <Filter>Header Files\Base</Filter>
    </ClInclude>
    <ClInclude Include="Color.h">
      <Filter>Header Files\Objects</Filter>
    </ClInclude>
    <ClInclude Include="Point.h">
      <Filter>Header Files\Objects</Filter>
    </ClInclude>
    <ClInclude Include="Triangle.h">
      <Filter>Header Files\Objects</Filter>
    </ClInclude>
  </ItemGroup>
  <ItemGroup>
    <ClCompile Include="GL-AMP.cpp">
      <Filter>Source Files</Filter>
    </ClCompile>
    <ClCompile Include="pch.cpp">
      <Filter>Source Files</Filter>
    </ClCompile>
  </ItemGroup>
  <ItemGroup>
    <None Include="packages.config" />
  </ItemGroup>
  <ItemGroup>
    <CopyFileToFolders Include="..\packages\freeglut.redist.2.8.1.15\build\native\bin\v110\x64\Release\dynamic\freeglut.dll">
      <Filter>GL</Filter>
    </CopyFileToFolders>
  </ItemGroup>
</Project>